
Microsoft Visual Studio Solution File, Format Version 11.00
# Visual Studio 2010
Project("{FAE04EC0-301F-11D3-BF4B-00C04F79EFBC}") = "Servicio", "Servicio\Servicio.csproj", "{4C3E4BAD-B23F-469B-9E6C-330A8F68F165}"
EndProject
Project("{FAE04EC0-301F-11D3-BF4B-00C04F79EFBC}") = "Cliente", "Cliente\Cliente.csproj", "{DBCB1FDF-816A-4053-BCBF-AE8376004079}"
EndProject
Global
	GlobalSection(SolutionConfigurationPlatforms) = preSolution
		Debug|Any CPU = Debug|Any CPU
		Release|Any CPU = Release|Any CPU
	EndGlobalSection
	GlobalSection(ProjectConfigurationPlatforms) = postSolution
		{4C3E4BAD-B23F-469B-9E6C-330A8F68F165}.Debug|Any CPU.ActiveCfg = Debug|Any CPU
		{4C3E4BAD-B23F-469B-9E6C-330A8F68F165}.Debug|Any CPU.Build.0 = Debug|Any CPU
		{4C3E4BAD-B23F-469B-9E6C-330A8F68F165}.Release|Any CPU.ActiveCfg = Release|Any CPU
		{4C3E4BAD-B23F-469B-9E6C-330A8F68F165}.Release|Any CPU.Build.0 = Release|Any CPU
		{DBCB1FDF-816A-4053-BCBF-AE8376004079}.Debug|Any CPU.ActiveCfg = Debug|Any CPU
		{DBCB1FDF-816A-4053-BCBF-AE8376004079}.Debug|Any CPU.Build.0 = Debug|Any CPU
		{DBCB1FDF-816A-4053-BCBF-AE8376004079}.Release|Any CPU.ActiveCfg = Release|Any CPU
		{DBCB1FDF-816A-4053-BCBF-AE8376004079}.Release|Any CPU.Build.0 = Release|Any CPU
	EndGlobalSection
	GlobalSection(SolutionProperties) = preSolution
		HideSolutionNode = FALSE
	EndGlobalSection
EndGlobal
